# THIS IS AN AUTOGENERATED FILE. DO NOT EDIT THIS FILE DIRECTLY.
# yarn lockfile v1


"@aws-sdk/abort-controller@^0.1.0-preview.7":
  version "0.1.0-preview.7"
  resolved "https://registry.yarnpkg.com/@aws-sdk/abort-controller/-/abort-controller-0.1.0-preview.7.tgz#3129f4b98e6e3c435ef15f8293330a2db135e2f4"
  integrity sha512-UpAa0PQ4u1UdDYPU9ajO/vzfmSn3rTMjXQjlsd0Ue4oK/A2lffNN28+egMVuS+Ivs96pv1HAfA4t4tPw+U6wjA==
  dependencies:
    "@aws-sdk/types" "^0.1.0-preview.7"
    tslib "^1.8.0"

"@aws-sdk/apply-body-checksum-middleware@^0.1.0-preview.4":
  version "0.1.0-preview.8"
  resolved "https://registry.yarnpkg.com/@aws-sdk/apply-body-checksum-middleware/-/apply-body-checksum-middleware-0.1.0-preview.8.tgz#19a37c810c7f5f00cb5f4d194ad167b5b5b0aa81"
  integrity sha512-UoK128Kum26NYuOfnG1vVjfFfYBy7m8bIkBYlORwrGYLHawUwaxan8MTCrk4P/XSlYm0NsyAicAVDvAeGWSZXA==
  dependencies:
    "@aws-sdk/is-array-buffer" "^0.1.0-preview.3"
    "@aws-sdk/types" "^0.1.0-preview.7"
    tslib "^1.8.0"

"@aws-sdk/bucket-endpoint-middleware@^0.1.0-preview.4":
  version "0.1.0-preview.7"
  resolved "https://registry.yarnpkg.com/@aws-sdk/bucket-endpoint-middleware/-/bucket-endpoint-middleware-0.1.0-preview.7.tgz#5322caabfcef9c8416b026bfc000c3a46b8b7e55"
  integrity sha512-XUrR/fKADNTXgW5wfp0U2K2WD+4NiY/njne7rR0YTNZHE0eWD0q0YvRx4LXj6HFraAUqZ8liPG2k/BjzdT8M0Q==
  dependencies:
    "@aws-sdk/types" "^0.1.0-preview.7"
    tslib "^1.8.0"

"@aws-sdk/client-s3-node@^0.1.0-preview.2":
  version "0.1.0-preview.2"
  resolved "https://registry.yarnpkg.com/@aws-sdk/client-s3-node/-/client-s3-node-0.1.0-preview.2.tgz#9e56e94e9cf0e49ee9616d66f5a489255ee95226"
  integrity sha512-sQj8KnijskzIijl/ETJpoygcN4o0AKBtZtXp6eiJjhLZf1RAX33Bd1QzSgScfElY/XVAMgntzWWvBm8VhUu+cQ==
  dependencies:
    "@aws-sdk/apply-body-checksum-middleware" "^0.1.0-preview.4"
    "@aws-sdk/bucket-endpoint-middleware" "^0.1.0-preview.4"
    "@aws-sdk/config-resolver" "^0.1.0-preview.4"
    "@aws-sdk/core-handler" "^0.1.0-preview.4"
    "@aws-sdk/credential-provider-node" "^0.1.0-preview.5"
    "@aws-sdk/hash-node" "^0.1.0-preview.4"
    "@aws-sdk/hash-stream-node" "^0.1.0-preview.5"
    "@aws-sdk/location-constraint-middleware" "^0.1.0-preview.4"
    "@aws-sdk/middleware-content-length" "^0.1.0-preview.4"
    "@aws-sdk/middleware-expect-continue" "^0.1.0-preview.4"
    "@aws-sdk/middleware-header-default" "^0.1.0-preview.4"
    "@aws-sdk/middleware-serializer" "^0.1.0-preview.4"
    "@aws-sdk/middleware-stack" "^0.1.0-preview.5"
    "@aws-sdk/node-http-handler" "^0.1.0-preview.5"
    "@aws-sdk/protocol-rest" "^0.1.0-preview.6"
    "@aws-sdk/query-error-unmarshaller" "^0.1.0-preview.5"
    "@aws-sdk/region-provider" "^0.1.0-preview.4"
    "@aws-sdk/retry-middleware" "^0.1.0-preview.4"
    "@aws-sdk/s3-error-unmarshaller" "^0.1.0-preview.2"
    "@aws-sdk/signature-v4" "^0.1.0-preview.5"
    "@aws-sdk/signing-middleware" "^0.1.0-preview.5"
    "@aws-sdk/ssec-middleware" "^0.1.0-preview.4"
    "@aws-sdk/stream-collector-node" "^0.1.0-preview.4"
    "@aws-sdk/types" "^0.1.0-preview.4"
    "@aws-sdk/url-parser-node" "^0.1.0-preview.4"
    "@aws-sdk/util-base64-node" "^0.1.0-preview.2"
    "@aws-sdk/util-body-length-node" "^0.1.0-preview.3"
    "@aws-sdk/util-user-agent-node" "^0.1.0-preview.5"
    "@aws-sdk/util-utf8-node" "^0.1.0-preview.2"
    "@aws-sdk/xml-body-builder" "^0.1.0-preview.4"
    "@aws-sdk/xml-body-parser" "^0.1.0-preview.5"
    tslib "^1.8.0"

"@aws-sdk/config-resolver@^0.1.0-preview.4":
  version "0.1.0-preview.7"
  resolved "https://registry.yarnpkg.com/@aws-sdk/config-resolver/-/config-resolver-0.1.0-preview.7.tgz#adb8077b3656cf7a890c6302c28f468665b76455"
  integrity sha512-clP/NFkGyIJzCPPZ9y9vc4rQD2O8euuEVtYDlHNPfe+791uo43I1/qhw20v31mPY1OH0dScf5Jn/n4Ed9YO1VA==
  dependencies:
    "@aws-sdk/types" "^0.1.0-preview.7"
    tslib "^1.8.0"

"@aws-sdk/core-handler@^0.1.0-preview.4":
  version "0.1.0-preview.7"
  resolved "https://registry.yarnpkg.com/@aws-sdk/core-handler/-/core-handler-0.1.0-preview.7.tgz#2deb6e8a64a4138ebfe8c4337bd84f48a3fdbb0d"
  integrity sha512-F+BAYmcPGbbK2w6Y9i4RgK9f8ojUuQKoZuFCxiYoujLGoak/p81gACTz3dQyV9/NiY46EvmdpyaGQeLtpfuriQ==
  dependencies:
    "@aws-sdk/types" "^0.1.0-preview.7"
    tslib "^1.8.0"

"@aws-sdk/credential-provider-env@^0.1.0-preview.8":
  version "0.1.0-preview.8"
  resolved "https://registry.yarnpkg.com/@aws-sdk/credential-provider-env/-/credential-provider-env-0.1.0-preview.8.tgz#ea8d22964e6041e0bfffb4085a366c6ed5d76a28"
  integrity sha512-wW2XRalzx8jAIsVSdOM4cDP3hgbvPy6UJhQwpn9N3kfb22G5FPEry6hlJKHAVzQ15tkTNd0C6SyRlXgC5zEzmA==
  dependencies:
    "@aws-sdk/property-provider" "^0.1.0-preview.7"
    "@aws-sdk/protocol-timestamp" "^0.1.0-preview.7"
    "@aws-sdk/types" "^0.1.0-preview.7"
    tslib "^1.8.0"

"@aws-sdk/credential-provider-imds@^0.1.0-preview.8":
  version "0.1.0-preview.8"
  resolved "https://registry.yarnpkg.com/@aws-sdk/credential-provider-imds/-/credential-provider-imds-0.1.0-preview.8.tgz#aa00e2fb2c92e4376f7727e3372a5f759ebc6225"
  integrity sha512-l6qudUcrpfG8wGOCyOea1oZ42AF+m0h27m/BDvWA8KIclW6XjfJ0TAcQWNVYbDX91sBx3YWidqlNBuzs/bZfKw==
  dependencies:
    "@aws-sdk/property-provider" "^0.1.0-preview.7"
    "@aws-sdk/types" "^0.1.0-preview.7"
    tslib "^1.8.0"

"@aws-sdk/credential-provider-ini@^0.1.0-preview.7":
  version "0.1.0-preview.7"
  resolved "https://registry.yarnpkg.com/@aws-sdk/credential-provider-ini/-/credential-provider-ini-0.1.0-preview.7.tgz#17691ba3ea7fcfe7923e2d109ba23485f3eab53a"
  integrity sha512-iIVGZonHwy08RJgW9AZURKAbRTcBtwZw9wWSkO1YgtFVKYHH81E+C/k3o9ljCD9TK+XfvB2dv5alPkS71EufIQ==
  dependencies:
    "@aws-sdk/property-provider" "^0.1.0-preview.7"
    "@aws-sdk/shared-ini-file-loader" "^0.1.0-preview.3"
    "@aws-sdk/types" "^0.1.0-preview.7"
    tslib "^1.8.0"

"@aws-sdk/credential-provider-node@^0.1.0-preview.5":
  version "0.1.0-preview.10"
  resolved "https://registry.yarnpkg.com/@aws-sdk/credential-provider-node/-/credential-provider-node-0.1.0-preview.10.tgz#29af30112b6ff06d8c66a9e4dffd1381747e07d3"
  integrity sha512-UWw89x1kCTiawc2MWYjavChk1bwy4dlp8WZyYeM/a4MqYacXPbcIOXEDVVL72PpCOqtxk0/RXnkLO2b7sUI0vg==
  dependencies:
    "@aws-sdk/credential-provider-env" "^0.1.0-preview.8"
    "@aws-sdk/credential-provider-imds" "^0.1.0-preview.8"
    "@aws-sdk/credential-provider-ini" "^0.1.0-preview.7"
    "@aws-sdk/credential-provider-process" "^0.1.0-preview.5"
    "@aws-sdk/property-provider" "^0.1.0-preview.7"
    "@aws-sdk/types" "^0.1.0-preview.7"
    tslib "^1.8.0"

"@aws-sdk/credential-provider-process@^0.1.0-preview.5":
  version "0.1.0-preview.5"
  resolved "https://registry.yarnpkg.com/@aws-sdk/credential-provider-process/-/credential-provider-process-0.1.0-preview.5.tgz#647c0afa0fc5e364ad956362b615ff40ba59e282"
  integrity sha512-OIBmuaul/aF3w3oCc1zIw+jE5tlhacrhCD/LXf0DornF8Bfp4oaYA5qJ4Lttu/Q25s2qW5+YEuFlDsnqpIQUyw==
  dependencies:
    "@aws-sdk/credential-provider-ini" "^0.1.0-preview.7"
    "@aws-sdk/property-provider" "^0.1.0-preview.7"
    "@aws-sdk/shared-ini-file-loader" "^0.1.0-preview.3"
    "@aws-sdk/types" "^0.1.0-preview.7"
    tslib "^1.8.0"

"@aws-sdk/hash-node@^0.1.0-preview.4":
  version "0.1.0-preview.8"
  resolved "https://registry.yarnpkg.com/@aws-sdk/hash-node/-/hash-node-0.1.0-preview.8.tgz#7f6de5e60d1cf220aa548e2276fc24770efa5c03"
  integrity sha512-tYBKE5ggAfw7oCLj3/jVJomruUMXhFOL+yH7xnKbgEjCi2m/jsSClCwjUbco2d5eFeC75t74RsFuyCREm9o+nw==
  dependencies:
    "@aws-sdk/types" "^0.1.0-preview.7"
    "@aws-sdk/util-buffer-from" "^0.1.0-preview.3"
    tslib "^1.8.0"

"@aws-sdk/hash-stream-node@^0.1.0-preview.5":
  version "0.1.0-preview.9"
  resolved "https://registry.yarnpkg.com/@aws-sdk/hash-stream-node/-/hash-stream-node-0.1.0-preview.9.tgz#b1ca2badf9c48199b7d726874f88f12fa2423b99"
  integrity sha512-XV8vQgwrDV7VGoL94ry/HZsaw4wA6NDKynpsctr4yQfgWy3hunrMunngnIs3jybBlkyCuhmw2SssjEjSugpvFg==
  dependencies:
    "@aws-sdk/types" "^0.1.0-preview.7"
    tslib "^1.8.0"

"@aws-sdk/is-array-buffer@^0.1.0-preview.3":
  version "0.1.0-preview.3"
  resolved "https://registry.yarnpkg.com/@aws-sdk/is-array-buffer/-/is-array-buffer-0.1.0-preview.3.tgz#3d4e0297f437dfaa00b25a000d526c02ccd2af6d"
  integrity sha512-8SM7kBGkwH6JCKA6K1w4Jrj+EABFOPQkbPvwaf6BILYiUMUbgJvjOPjNQE2MrvRxJz50WAcZDHnlwhstuwIRnw==
  dependencies:
    tslib "^1.8.0"

"@aws-sdk/is-iterable@^0.1.0-preview.3":
  version "0.1.0-preview.3"
  resolved "https://registry.yarnpkg.com/@aws-sdk/is-iterable/-/is-iterable-0.1.0-preview.3.tgz#292e9a44e3c2872f681a46daa715e3b5403dc86b"
  integrity sha512-dmqXKd7BlAGAaOz1dvmBw5MeOy/94LOxIRv4i8I76JPyTJsxFKjzJIHeRMnQ/5WJ3/POhmb6ZjBW/GwS/upaFw==
  dependencies:
    tslib "^1.8.0"

"@aws-sdk/location-constraint-middleware@^0.1.0-preview.4":
  version "0.1.0-preview.7"
  resolved "https://registry.yarnpkg.com/@aws-sdk/location-constraint-middleware/-/location-constraint-middleware-0.1.0-preview.7.tgz#0ae88632dc37187b95242e8a0370b345745b3a48"
  integrity sha512-K7EZ77oSVqyrTDZKJ8OQ7m1/EAEoRFUknE0HsiTRImhRHqxPhR+sP6brWU+gdywgYbDVaXJox30GUMNAOqhs9Q==
  dependencies:
    "@aws-sdk/types" "^0.1.0-preview.7"
    tslib "^1.8.0"

"@aws-sdk/middleware-content-length@^0.1.0-preview.4":
  version "0.1.0-preview.7"
  resolved "https://registry.yarnpkg.com/@aws-sdk/middleware-content-length/-/middleware-content-length-0.1.0-preview.7.tgz#3e873c6886c737e02282f3507daa3348d85a368c"
  integrity sha512-6ZI+dY8VgWmKL48tBtFGFgllwdhKgqNztscLtYPmHl38zrz4sITJnyGwbYDGLW+xLIGDOQhyFd/6kWTqT9QyKQ==
  dependencies:
    "@aws-sdk/types" "^0.1.0-preview.7"
    tslib "^1.8.0"

"@aws-sdk/middleware-expect-continue@^0.1.0-preview.4":
  version "0.1.0-preview.8"
  resolved "https://registry.yarnpkg.com/@aws-sdk/middleware-expect-continue/-/middleware-expect-continue-0.1.0-preview.8.tgz#184c9b3ad7e4262866c3e0259924c34e257b6a52"
  integrity sha512-+aWGX+pwNys/a2ysFOdjmyP0iSSrmaJO2JkcvO8wjaJ6CLFqjnP7W9YN5HSEr8C+AGHN4z3Pg+W4xLNWCyzjZg==
  dependencies:
    "@aws-sdk/middleware-header-default" "^0.1.0-preview.7"
    "@aws-sdk/types" "^0.1.0-preview.7"
    tslib "^1.8.0"

"@aws-sdk/middleware-header-default@^0.1.0-preview.4", "@aws-sdk/middleware-header-default@^0.1.0-preview.7":
  version "0.1.0-preview.7"
  resolved "https://registry.yarnpkg.com/@aws-sdk/middleware-header-default/-/middleware-header-default-0.1.0-preview.7.tgz#3083c6ed8dfa3c9d556941011b388789b84eb2cc"
  integrity sha512-hf7+YMiPnyzRKzmcZZ5v2NKkC6CKgo8nnckJ1A1OlvWYGq3hLMF1gKDMzdkEFjWJmDWv6AVNyHjw5qe4AV8LVA==
  dependencies:
    "@aws-sdk/types" "^0.1.0-preview.7"
    tslib "^1.8.0"

"@aws-sdk/middleware-serializer@^0.1.0-preview.4":
  version "0.1.0-preview.7"
  resolved "https://registry.yarnpkg.com/@aws-sdk/middleware-serializer/-/middleware-serializer-0.1.0-preview.7.tgz#7d4ed3d16b47f12f7ed0762ff9594c0f2da9c96c"
  integrity sha512-mc5xBnrdDM9k3a78cbTSw+VWTadpDQQBObSuAy4fCxrkPZa+APqRY+y9MMDQ0uWI80e6Ab1pt9wTx1/OM1uMWQ==
  dependencies:
    "@aws-sdk/types" "^0.1.0-preview.7"
    tslib "^1.8.0"

"@aws-sdk/middleware-stack@^0.1.0-preview.5":
  version "0.1.0-preview.9"
  resolved "https://registry.yarnpkg.com/@aws-sdk/middleware-stack/-/middleware-stack-0.1.0-preview.9.tgz#e38a1ef131fee03382941bbcc2d70c4b5f77948f"
  integrity sha512-UZPTIUL8df6bxhoRFmbE278mR5VkBgUakZ+g0+W7QP7yk7yOcA/PSNAoUQMXmyncTfrv9PS2RqByIqBGJ9nHRw==
  dependencies:
    "@aws-sdk/types" "^0.1.0-preview.7"
    tslib "^1.8.0"

"@aws-sdk/node-http-handler@^0.1.0-preview.5":
  version "0.1.0-preview.8"
  resolved "https://registry.yarnpkg.com/@aws-sdk/node-http-handler/-/node-http-handler-0.1.0-preview.8.tgz#d301ca5bd7996ab5cb0d29f595aa37e6815e4b25"
  integrity sha512-D3hISgch64L2rG8RQDi361ywoSgsyH/5Yj4ZF05ZCo8UZ8TjU1CtiLPKy1is0XLqojhLlDAQ65lNna44xoArcw==
  dependencies:
    "@aws-sdk/abort-controller" "^0.1.0-preview.7"
    "@aws-sdk/querystring-builder" "^0.1.0-preview.7"
    "@aws-sdk/types" "^0.1.0-preview.7"
    tslib "^1.8.0"

"@aws-sdk/property-provider@^0.1.0-preview.7":
  version "0.1.0-preview.7"
  resolved "https://registry.yarnpkg.com/@aws-sdk/property-provider/-/property-provider-0.1.0-preview.7.tgz#21ddb9b5f66403310f52ac7f286a9e6bc178f8c7"
  integrity sha512-8yKkR78XC3fvdd+ePohfLuZHKBL7e3k+t82JL775phiXO94WHiz/hlvm6tGhNz5zKzz72yLrJPCyoQAZLrxrTg==
  dependencies:
    "@aws-sdk/types" "^0.1.0-preview.7"
    tslib "^1.8.0"

"@aws-sdk/protocol-rest@^0.1.0-preview.6":
  version "0.1.0-preview.10"
  resolved "https://registry.yarnpkg.com/@aws-sdk/protocol-rest/-/protocol-rest-0.1.0-preview.10.tgz#e082b709356df7d79a64eadbcc4225aecedf36a9"
  integrity sha512-wzQV8h+rxWOOKkpwZpgx/glPz2mrH3nGZG7JyqxzEdveRmCMKSS27tqTc2XGlf8x1lGfTBZVg3XTWYrPTBHvlw==
  dependencies:
    "@aws-sdk/is-array-buffer" "^0.1.0-preview.3"
    "@aws-sdk/is-iterable" "^0.1.0-preview.3"
    "@aws-sdk/protocol-timestamp" "^0.1.0-preview.7"
    "@aws-sdk/response-metadata-extractor" "^0.1.0-preview.8"
    "@aws-sdk/types" "^0.1.0-preview.7"
    "@aws-sdk/util-error-constructor" "^0.1.0-preview.7"
    "@aws-sdk/util-uri-escape" "^0.1.0-preview.3"
    tslib "^1.8.0"

"@aws-sdk/protocol-timestamp@^0.1.0-preview.7":
  version "0.1.0-preview.7"
  resolved "https://registry.yarnpkg.com/@aws-sdk/protocol-timestamp/-/protocol-timestamp-0.1.0-preview.7.tgz#294753a16e79d167df7f12a64aa7d34efcd73e86"
  integrity sha512-ObO202v456/S6Ckhlu844KBXN9toFTPt8zzrJpESzntVXIaidDECetd120/xToycYmICinvAYH9o1E2l6VlCRQ==
  dependencies:
    "@aws-sdk/types" "^0.1.0-preview.7"
    tslib "^1.8.0"

"@aws-sdk/query-error-unmarshaller@^0.1.0-preview.5":
  version "0.1.0-preview.8"
  resolved "https://registry.yarnpkg.com/@aws-sdk/query-error-unmarshaller/-/query-error-unmarshaller-0.1.0-preview.8.tgz#bcee4a3adda59b63e21eee220f13b1be7ddb8549"
  integrity sha512-41lNT9delFhOss5H3eoi/2wYLYFuVqLXutRb5ZM5VvdhE4ZG+L8oE8HM0LSwQBttQFHaZcjdx3x3n9EVatSuCw==
  dependencies:
    "@aws-sdk/response-metadata-extractor" "^0.1.0-preview.8"
    "@aws-sdk/types" "^0.1.0-preview.7"
    "@aws-sdk/util-error-constructor" "^0.1.0-preview.7"
    tslib "^1.8.0"

"@aws-sdk/querystring-builder@^0.1.0-preview.7":
  version "0.1.0-preview.7"
  resolved "https://registry.yarnpkg.com/@aws-sdk/querystring-builder/-/querystring-builder-0.1.0-preview.7.tgz#b5c0bd96415803483a724975d5a1aeb28c6aa422"
  integrity sha512-U2d9CYTwnF4/Qc8XXFmCdRzcApTmwEXLyHUcjK2/GaOHKkHDAeIC94+cuP+H3nDjCjb3TdKV2xrl/wzuP0YBrg==
  dependencies:
    "@aws-sdk/types" "^0.1.0-preview.7"
    "@aws-sdk/util-uri-escape" "^0.1.0-preview.3"
    tslib "^1.8.0"

"@aws-sdk/querystring-parser@^0.1.0-preview.7":
  version "0.1.0-preview.7"
  resolved "https://registry.yarnpkg.com/@aws-sdk/querystring-parser/-/querystring-parser-0.1.0-preview.7.tgz#4c485abcf241b6dd180f285da670a884ca4841dc"
  integrity sha512-r72E/wZYrhTXTK950Ld/L2Loso/HDqExQkIuCn1Pu8Rx0+uC3Y8fQTx+JZd5M5kOniCpGKdHWGc7y/bH/tjH4A==
  dependencies:
    "@aws-sdk/types" "^0.1.0-preview.7"
    tslib "^1.8.0"

"@aws-sdk/region-provider@^0.1.0-preview.4":
  version "0.1.0-preview.7"
  resolved "https://registry.yarnpkg.com/@aws-sdk/region-provider/-/region-provider-0.1.0-preview.7.tgz#dcb5cd10c712ae54fac605c5b4f08a30131ea21c"
  integrity sha512-n+LeuQYPYbCyfCboz9mmYqcPPKdmdd60KPbPeRqSdJYr9QZz9hWU962oCOl5EtLYIsUzy7Fm33APv6toEcAPVw==
  dependencies:
    "@aws-sdk/property-provider" "^0.1.0-preview.7"
    "@aws-sdk/shared-ini-file-loader" "^0.1.0-preview.3"
    "@aws-sdk/types" "^0.1.0-preview.7"
    tslib "^1.8.0"

"@aws-sdk/response-metadata-extractor@^0.1.0-preview.5", "@aws-sdk/response-metadata-extractor@^0.1.0-preview.8":
  version "0.1.0-preview.8"
  resolved "https://registry.yarnpkg.com/@aws-sdk/response-metadata-extractor/-/response-metadata-extractor-0.1.0-preview.8.tgz#081e8737cdf77e18f7837b6c5a1df00563172001"
  integrity sha512-c5aJGYDiEwWqYpsROCqrmR60d0yeVdvRtzMptcpCI95BvIizS3hTc+PfuOq3Gcz7L+EQysbzQyqZutCJ/zLbew==
  dependencies:
    "@aws-sdk/types" "^0.1.0-preview.7"
    tslib "^1.8.0"

"@aws-sdk/retry-middleware@^0.1.0-preview.4":
  version "0.1.0-preview.7"
  resolved "https://registry.yarnpkg.com/@aws-sdk/retry-middleware/-/retry-middleware-0.1.0-preview.7.tgz#4923089c9a2c5306c91489fd7d041f70f4b597e2"
  integrity sha512-ULiq+dffOPurjyHm95PYWi1Cy27LQg9jPwLz5tiL7oIla/j9b5bcclZE3n0RtqbHDUvWJL5kxmYw0Kjrggr5iw==
  dependencies:
    "@aws-sdk/service-error-classification" "^0.1.0-preview.3"
    "@aws-sdk/types" "^0.1.0-preview.7"
    tslib "^1.8.0"

"@aws-sdk/s3-error-unmarshaller@^0.1.0-preview.2":
  version "0.1.0-preview.2"
  resolved "https://registry.yarnpkg.com/@aws-sdk/s3-error-unmarshaller/-/s3-error-unmarshaller-0.1.0-preview.2.tgz#c950b9c0a3d9395161b2d99d2d01e1d94835ecc0"
  integrity sha512-3A6FUzFwGe34+1l8daxXaiTymZmb1LvVXNM+aapfJqRCM80vfbTEf+pzefIHCJAOhTCaSyhtkrs07iOpj3L1nw==
  dependencies:
    "@aws-sdk/response-metadata-extractor" "^0.1.0-preview.5"
    "@aws-sdk/types" "^0.1.0-preview.4"
    "@aws-sdk/util-error-constructor" "^0.1.0-preview.4"
    tslib "^1.8.0"

"@aws-sdk/service-error-classification@^0.1.0-preview.3":
  version "0.1.0-preview.3"
  resolved "https://registry.yarnpkg.com/@aws-sdk/service-error-classification/-/service-error-classification-0.1.0-preview.3.tgz#6e3720f361f637d0dbcff09f487997fa2ce3018d"
  integrity sha512-3TXwADJL+HGOWyqdwx+pOdwr8L8LGbdxwHR0D05PP3skY+TP34F3ye2DJlyCll4S9vYzf9GlSbwJWviN9Sujrw==

"@aws-sdk/shared-ini-file-loader@^0.1.0-preview.3":
  version "0.1.0-preview.3"
  resolved "https://registry.yarnpkg.com/@aws-sdk/shared-ini-file-loader/-/shared-ini-file-loader-0.1.0-preview.3.tgz#215c5ed06564eb5ba96fa615f1ccb66667725147"
  integrity sha512-1wuV2YpZm+sW4AZa7CBD3A3b7+vSHX0DWBgGaENYdqC+MUEl6lD57ZOUGLryPq5xv/tQfy8BC7QT+qDNHElcuw==
  dependencies:
    tslib "^1.8.0"

"@aws-sdk/signature-v4@^0.1.0-preview.10", "@aws-sdk/signature-v4@^0.1.0-preview.5":
  version "0.1.0-preview.10"
  resolved "https://registry.yarnpkg.com/@aws-sdk/signature-v4/-/signature-v4-0.1.0-preview.10.tgz#d0a7275c28e1473550a0159d221eb697bdb8a98f"
  integrity sha512-cehCmWlWc16d1mn1tdG1cLdLUiKWHSVSAIiDRCyUS/ryZNduFHivYMyARvuQKEBXILlQari0e6RRuzTFXaAjlA==
  dependencies:
    "@aws-sdk/is-array-buffer" "^0.1.0-preview.3"
    "@aws-sdk/protocol-timestamp" "^0.1.0-preview.7"
    "@aws-sdk/types" "^0.1.0-preview.7"
    "@aws-sdk/util-hex-encoding" "^0.1.0-preview.3"
    tslib "^1.8.0"

"@aws-sdk/signing-middleware@^0.1.0-preview.5":
  version "0.1.0-preview.10"
  resolved "https://registry.yarnpkg.com/@aws-sdk/signing-middleware/-/signing-middleware-0.1.0-preview.10.tgz#906ff790653c6a07563d9aed5e4805ce276668c0"
  integrity sha512-aKyPNr41JuOhl3QGqGp+XSerwPRbkG/TzBHiNsRX/0EeB1ZyxZ2cckhssswL3k4lvEBPQS0SqnGi2FHXozyOvw==
  dependencies:
    "@aws-sdk/signature-v4" "^0.1.0-preview.10"
    "@aws-sdk/types" "^0.1.0-preview.7"
    tslib "^1.8.0"

"@aws-sdk/ssec-middleware@^0.1.0-preview.4":
  version "0.1.0-preview.8"
  resolved "https://registry.yarnpkg.com/@aws-sdk/ssec-middleware/-/ssec-middleware-0.1.0-preview.8.tgz#d82764bbb1fa4397711ee74f4625be20a86c52f5"
  integrity sha512-vDxnda94Wp2M1RXQXPJYedDwNt9sAN2j+N6QvDpwOZ2G2qEVLOvkPPTEz2GwzU6dTQY3HSd/Psomz+9OeamWtA==
  dependencies:
    "@aws-sdk/types" "^0.1.0-preview.7"
    tslib "^1.8.0"

"@aws-sdk/stream-collector-node@^0.1.0-preview.4":
  version "0.1.0-preview.9"
  resolved "https://registry.yarnpkg.com/@aws-sdk/stream-collector-node/-/stream-collector-node-0.1.0-preview.9.tgz#ebb412dc7ebbb069ceb972627c8a9895ace14103"
  integrity sha512-aXVMbx9lMd+AsmTpn4egsIJ/ZAkd6cWkhv8y3sL/Fwlyl0U7tfV4EzTEDZFvAta+MG+wB8fPhz9d7bfyQOk/xQ==
  dependencies:
    "@aws-sdk/types" "^0.1.0-preview.7"
    tslib "^1.8.0"

"@aws-sdk/types@^0.1.0-preview.4", "@aws-sdk/types@^0.1.0-preview.7":
  version "0.1.0-preview.7"
  resolved "https://registry.yarnpkg.com/@aws-sdk/types/-/types-0.1.0-preview.7.tgz#2c3e8b911c9236e8f48d8ffb3c9df449a067df58"
  integrity sha512-gpyU8N9XEs8diE4uW9B6/hjKDrB/c4a1GF4ICwkaGYpXrbJy9QLrEU8Hk4rC6P1l++YYyJKMl7RjMmTyBtNOzw==

"@aws-sdk/url-parser-node@^0.1.0-preview.4":
  version "0.1.0-preview.8"
  resolved "https://registry.yarnpkg.com/@aws-sdk/url-parser-node/-/url-parser-node-0.1.0-preview.8.tgz#d8863b852777b86d21d5693d11cf211d1a69443f"
  integrity sha512-h8YwL+mLTBPNzryREkLChhtRSdz70tOR9y/UB6PATGKoJbMUFoTsDY1jbJ4WWBfdKjphZy9xVWTyxoCkP07tQQ==
  dependencies:
    "@aws-sdk/querystring-parser" "^0.1.0-preview.7"
    "@aws-sdk/types" "^0.1.0-preview.7"
    tslib "^1.8.0"

"@aws-sdk/util-base64-node@^0.1.0-preview.2":
  version "0.1.0-preview.4"
  resolved "https://registry.yarnpkg.com/@aws-sdk/util-base64-node/-/util-base64-node-0.1.0-preview.4.tgz#17271a49874b96e1e7b842cb0c564a3a7260137f"
  integrity sha512-L9O3lMWB7y2xVIgg/nSJ7xZLVFmxMCk1maaup3CoL5USLqB7n7ngpf/WAH2LyhaGo8Og8TrAKt4BizpxbZU7wg==
  dependencies:
    "@aws-sdk/util-buffer-from" "^0.1.0-preview.3"
    tslib "^1.8.0"

"@aws-sdk/util-body-length-node@^0.1.0-preview.3":
  version "0.1.0-preview.5"
  resolved "https://registry.yarnpkg.com/@aws-sdk/util-body-length-node/-/util-body-length-node-0.1.0-preview.5.tgz#330628a9b6e56a7766f00c7ae5074e5090efdec5"
  integrity sha512-ZmqB7E/RizTe8ajxLyXdshoyzQg47CAkbnCK7yRE4A9N7XMEUgzyFVXuKT08DmbAwYSYWI5jaUwm3jpMKqG+bw==
  dependencies:
    tslib "^1.8.0"

"@aws-sdk/util-buffer-from@^0.1.0-preview.3":
  version "0.1.0-preview.3"
  resolved "https://registry.yarnpkg.com/@aws-sdk/util-buffer-from/-/util-buffer-from-0.1.0-preview.3.tgz#a95aa03f6d82dccd853b110f15c5479c83204c58"
  integrity sha512-n78cUmI1SbluJgTgyqp24GgNQ3A5NUGB4rwRAoID7k7JpsiNJUWTXkijl3hxfNov2sEjMWvdQIGvAF6F/Q2mfw==
  dependencies:
    "@aws-sdk/is-array-buffer" "^0.1.0-preview.3"
    tslib "^1.8.0"

"@aws-sdk/util-error-constructor@^0.1.0-preview.4", "@aws-sdk/util-error-constructor@^0.1.0-preview.7":
  version "0.1.0-preview.7"
  resolved "https://registry.yarnpkg.com/@aws-sdk/util-error-constructor/-/util-error-constructor-0.1.0-preview.7.tgz#37543155014274b1c33db85ce50c17e7f297ce2c"
  integrity sha512-sb8gruiOadl0YXG2yn0EMBkB/Oy/7y4mt8Wfl7G3crvWXcHtD7flbW7wjbFiMcQU91vi5sTaZ56hwvDA9lu0ug==
  dependencies:
    "@aws-sdk/types" "^0.1.0-preview.7"
    tslib "^1.8.0"

"@aws-sdk/util-hex-encoding@^0.1.0-preview.3":
  version "0.1.0-preview.3"
  resolved "https://registry.yarnpkg.com/@aws-sdk/util-hex-encoding/-/util-hex-encoding-0.1.0-preview.3.tgz#4847f0733dfe2e35aefde8423fefefad4073d355"
  integrity sha512-X/Qq5e2H4/EQ0WEwWUiSxGbFARk7IKZpa+E4pzQm49sxS2omVsvuphcr4yYJq4SZKEtuB2w2nHMr7NmGlWt4Xg==
  dependencies:
    tslib "^1.8.0"

"@aws-sdk/util-uri-escape@^0.1.0-preview.3":
  version "0.1.0-preview.3"
  resolved "https://registry.yarnpkg.com/@aws-sdk/util-uri-escape/-/util-uri-escape-0.1.0-preview.3.tgz#bede79215aa2a78554b4223f43f7820535236583"
  integrity sha512-axArIOq8+2PKjY9Fz+LKfCY127rjWQD50F1DAhCC0BV3mrG0OlhcQ8uKaNfMXVrveTqT+QYvrpTsrziHYjjTQw==
  dependencies:
    tslib "^1.8.0"

"@aws-sdk/util-user-agent-node@^0.1.0-preview.5":
  version "0.1.0-preview.10"
  resolved "https://registry.yarnpkg.com/@aws-sdk/util-user-agent-node/-/util-user-agent-node-0.1.0-preview.10.tgz#d9f2c731883fa7d7a0fe806bab0e8e70506985c5"
  integrity sha512-hYL9XCLkxDEG60XbwXG2fvIYwi9vFHw9Em6OPMz3sh3Y4er7KJxOwuCYJV+kccREY35e1TGblbOARFczwD7U0w==
  dependencies:
    "@aws-sdk/types" "^0.1.0-preview.7"
    tslib "^1.8.0"

"@aws-sdk/util-utf8-node@^0.1.0-preview.2":
  version "0.1.0-preview.4"
  resolved "https://registry.yarnpkg.com/@aws-sdk/util-utf8-node/-/util-utf8-node-0.1.0-preview.4.tgz#8dc8e0ce43f6dc04bbcab00c87f29f9f89ebb7ad"
  integrity sha512-FxIWpC4LdKiJgJgiaLWMdZY/DbreSIRgVGO9cOlV5fI59KdN+2Aqb6sLnlp7yVbo2hiL0Hlcv7fcf4MEtELn0g==
  dependencies:
    "@aws-sdk/util-buffer-from" "^0.1.0-preview.3"
    tslib "^1.8.0"

"@aws-sdk/xml-body-builder@^0.1.0-preview.4":
  version "0.1.0-preview.7"
  resolved "https://registry.yarnpkg.com/@aws-sdk/xml-body-builder/-/xml-body-builder-0.1.0-preview.7.tgz#a47ffa881c91dccf8b405430dbe084be235cc142"
  integrity sha512-4LNn5CONVhIWq3+wUWwfsSOncs9Ges8NKD9cf6pTN/VaqBcVGiFo3L0PoHLk143RTBxIsqmkY2VhVlNl5XsQSA==
  dependencies:
    "@aws-sdk/is-iterable" "^0.1.0-preview.3"
    "@aws-sdk/protocol-timestamp" "^0.1.0-preview.7"
    "@aws-sdk/types" "^0.1.0-preview.7"
    "@aws-sdk/xml-builder" "^0.1.0-preview.3"
    tslib "^1.8.0"

"@aws-sdk/xml-body-parser@^0.1.0-preview.5":
  version "0.1.0-preview.9"
  resolved "https://registry.yarnpkg.com/@aws-sdk/xml-body-parser/-/xml-body-parser-0.1.0-preview.9.tgz#d98849bf5b76838c2c99a2dba1f206d028331cb9"
  integrity sha512-MdRXPxuK27258zlPmfSFgLZ5ljTC7AvMq+J8Hkr6/s4iFeQJjzxXHCmRJ7r/9maUQ0LV8VXDw6khxIQdHKMWAA==
  dependencies:
    "@aws-sdk/protocol-timestamp" "^0.1.0-preview.7"
    "@aws-sdk/types" "^0.1.0-preview.7"
    tslib "^1.8.0"

"@aws-sdk/xml-builder@^0.1.0-preview.3":
  version "0.1.0-preview.3"
  resolved "https://registry.yarnpkg.com/@aws-sdk/xml-builder/-/xml-builder-0.1.0-preview.3.tgz#ab338ae7b8d0e58854f8af69acfa86da86f767ba"
  integrity sha512-TwahSQDyO0yjiY2GXSDw2f4FP6lgj8LaR/MtmjAHZeP6M8dw5ma08R2pLI5CV+paNIACnnnmRuSW2Dmj0c/jOQ==
  dependencies:
    tslib "^1.8.0"

"@types/aws-lambda@*":
  version "8.10.48"
  resolved "https://registry.yarnpkg.com/@types/aws-lambda/-/aws-lambda-8.10.48.tgz#9171dd239b53673281b81fc6e718bc440696c5ca"
  integrity sha512-+qFDcssXvrdXIxBbKCJp0atg94TJVJSt5sx3Cu6LOQX/EV2mbInjgxGeKuLmFFBjoxD7G6fSytZoeC6A9fzTuw==

"@types/aws-serverless-express@^3.3.3":
  version "3.3.3"
  resolved "https://registry.yarnpkg.com/@types/aws-serverless-express/-/aws-serverless-express-3.3.3.tgz#8af184bf16e1ba0269de318ac7b7fd638c7df70c"
  integrity sha512-gIPinyiEsda2Z6Dx6GdQs47/GXaBGEGOMkYWtmqFDsVSDHzWtnIKBBBVQKyMdcK/0ZXa31zzlT+CobFnwNbsTQ==
  dependencies:
    "@types/aws-lambda" "*"
    "@types/express" "*"
    "@types/node" "*"

"@types/body-parser@*":
  version "1.19.0"
  resolved "https://registry.yarnpkg.com/@types/body-parser/-/body-parser-1.19.0.tgz#0685b3c47eb3006ffed117cdd55164b61f80538f"
  integrity sha512-W98JrE0j2K78swW4ukqMleo8R7h/pFETjM2DQ90MF6XK2i4LO4W3gQ71Lt4w3bfm2EvVSyWHplECvB5sK22yFQ==
  dependencies:
    "@types/connect" "*"
    "@types/node" "*"

"@types/connect@*":
  version "3.4.33"
  resolved "https://registry.yarnpkg.com/@types/connect/-/connect-3.4.33.tgz#31610c901eca573b8713c3330abc6e6b9f588546"
  integrity sha512-2+FrkXY4zllzTNfJth7jOqEHC+enpLeGslEhpnTAkg21GkRrWV4SsAtqchtT4YS9/nODBU2/ZfsBY2X4J/dX7A==
  dependencies:
    "@types/node" "*"

"@types/express-serve-static-core@*":
  version "4.17.4"
  resolved "https://registry.yarnpkg.com/@types/express-serve-static-core/-/express-serve-static-core-4.17.4.tgz#157c79c2d28b632d6418497c57c93185e392e444"
  integrity sha512-dPs6CaRWxsfHbYDVU51VjEJaUJEcli4UI0fFMT4oWmgCvHj+j7oIxz5MLHVL0Rv++N004c21ylJNdWQvPkkb5w==
  dependencies:
    "@types/node" "*"
    "@types/range-parser" "*"

"@types/express@*", "@types/express@^4.17.6":
  version "4.17.6"
  resolved "https://registry.yarnpkg.com/@types/express/-/express-4.17.6.tgz#6bce49e49570507b86ea1b07b806f04697fac45e"
  integrity sha512-n/mr9tZI83kd4azlPG5y997C/M4DNABK9yErhFM6hKdym4kkmd9j0vtsJyjFIwfRBxtrxZtAfGZCNRIBMFLK5w==
  dependencies:
    "@types/body-parser" "*"
    "@types/express-serve-static-core" "*"
    "@types/qs" "*"
    "@types/serve-static" "*"

"@types/mime@*":
  version "2.0.1"
  resolved "https://registry.yarnpkg.com/@types/mime/-/mime-2.0.1.tgz#dc488842312a7f075149312905b5e3c0b054c79d"
  integrity sha512-FwI9gX75FgVBJ7ywgnq/P7tw+/o1GUbtP0KzbtusLigAOgIgNISRK0ZPl4qertvXSIE8YbsVJueQ90cDt9YYyw==

"@types/node@*", "@types/node@^13.11.1":
  version "13.11.1"
  resolved "https://registry.yarnpkg.com/@types/node/-/node-13.11.1.tgz#49a2a83df9d26daacead30d0ccc8762b128d53c7"
  integrity sha512-eWQGP3qtxwL8FGneRrC5DwrJLGN4/dH1clNTuLfN81HCrxVtxRjygDTUoZJ5ASlDEeo0ppYFQjQIlXhtXpOn6g==

"@types/qs@*":
  version "6.9.1"
  resolved "https://registry.yarnpkg.com/@types/qs/-/qs-6.9.1.tgz#937fab3194766256ee09fcd40b781740758617e7"
  integrity sha512-lhbQXx9HKZAPgBkISrBcmAcMpZsmpe/Cd/hY7LGZS5OfkySUBItnPZHgQPssWYUET8elF+yCFBbP1Q0RZPTdaw==

"@types/range-parser@*":
  version "1.2.3"
  resolved "https://registry.yarnpkg.com/@types/range-parser/-/range-parser-1.2.3.tgz#7ee330ba7caafb98090bece86a5ee44115904c2c"
  integrity sha512-ewFXqrQHlFsgc09MK5jP5iR7vumV/BYayNC6PgJO2LPe8vrnNFyjQjSppfEngITi0qvfKtzFvgKymGheFM9UOA==

"@types/serve-static@*":
  version "1.13.3"
  resolved "https://registry.yarnpkg.com/@types/serve-static/-/serve-static-1.13.3.tgz#eb7e1c41c4468272557e897e9171ded5e2ded9d1"
  integrity sha512-oprSwp094zOglVrXdlo/4bAHtKTAxX6VT8FOZlBKrmyLbNvE1zxZyJ6yikMVtHIvwP45+ZQGJn+FdXGKTozq0g==
  dependencies:
    "@types/express-serve-static-core" "*"
    "@types/mime" "*"

accepts@~1.3.7:
  version "1.3.7"
  resolved "https://registry.yarnpkg.com/accepts/-/accepts-1.3.7.tgz#531bc726517a3b2b41f850021c6cc15eaab507cd"
  integrity sha512-Il80Qs2WjYlJIBNzNkK6KYqlVMTbZLXgHx2oT0pU/fjRHyEp+PEfEPY0R3WCwAGVOtauxh1hOxNgIf5bv7dQpA==
  dependencies:
    mime-types "~2.1.24"
    negotiator "0.6.2"

array-flatten@1.1.1:
  version "1.1.1"
  resolved "https://registry.yarnpkg.com/array-flatten/-/array-flatten-1.1.1.tgz#9a5f699051b1e7073328f2a008968b64ea2955d2"
  integrity sha1-ml9pkFGx5wczKPKgCJaLZOopVdI=

aws-serverless-express@^3.3.8:
  version "3.3.8"
  resolved "https://registry.yarnpkg.com/aws-serverless-express/-/aws-serverless-express-3.3.8.tgz#8c05e0ce3651fc277725c6d2e1b8f8a36dbe4f4b"
  integrity sha512-2TQdF5EhxnAtGeEi+wSi2M3xCfpiemuImnpU7HKih3onH0izJ/G2tkM+gwcGHZEsW/gLWFl/JjQAYGa3fILfvw==
  dependencies:
    binary-case "^1.0.0"
    type-is "^1.6.16"

binary-case@^1.0.0:
  version "1.1.4"
  resolved "https://registry.yarnpkg.com/binary-case/-/binary-case-1.1.4.tgz#d687104d59e38f2b9e658d3a58936963c59ab931"
  integrity sha512-9Kq8m6NZTAgy05Ryuh7U3Qc4/ujLQU1AZ5vMw4cr3igTdi5itZC6kCNrRr2X8NzPiDn2oUIFTfa71DKMnue/Zg==

body-parser@1.19.0, body-parser@^1.19.0:
  version "1.19.0"
  resolved "https://registry.yarnpkg.com/body-parser/-/body-parser-1.19.0.tgz#96b2709e57c9c4e09a6fd66a8fd979844f69f08a"
  integrity sha512-dhEPs72UPbDnAQJ9ZKMNTP6ptJaionhP5cBb541nXPlW60Jepo9RV/a4fX4XWW9CuFNK22krhrj1+rgzifNCsw==
  dependencies:
    bytes "3.1.0"
    content-type "~1.0.4"
    debug "2.6.9"
    depd "~1.1.2"
    http-errors "1.7.2"
    iconv-lite "0.4.24"
    on-finished "~2.3.0"
    qs "6.7.0"
    raw-body "2.4.0"
    type-is "~1.6.17"

bytes@3.1.0:
  version "3.1.0"
  resolved "https://registry.yarnpkg.com/bytes/-/bytes-3.1.0.tgz#f6cf7933a360e0588fa9fde85651cdc7f805d1f6"
  integrity sha512-zauLjrfCG+xvoyaqLoV8bLVXXNGC4JqlxFCutSDWA6fJrTo2ZuvLYTqZ7aHBLZSMOopbzwv8f+wZcVzfVTI2Dg==

content-disposition@0.5.3:
  version "0.5.3"
  resolved "https://registry.yarnpkg.com/content-disposition/-/content-disposition-0.5.3.tgz#e130caf7e7279087c5616c2007d0485698984fbd"
  integrity sha512-ExO0774ikEObIAEV9kDo50o+79VCUdEB6n6lzKgGwupcVeRlhrj3qGAfwq8G6uBJjkqLrhT0qEYFcWng8z1z0g==
  dependencies:
    safe-buffer "5.1.2"

content-type@~1.0.4:
  version "1.0.4"
  resolved "https://registry.yarnpkg.com/content-type/-/content-type-1.0.4.tgz#e138cc75e040c727b1966fe5e5f8c9aee256fe3b"
  integrity sha512-hIP3EEPs8tB9AT1L+NUqtwOAps4mk2Zob89MWXMHjHWg9milF/j4osnnQLXBCBFBk/tvIG/tUc9mOUJiPBhPXA==

cookie-signature@1.0.6:
  version "1.0.6"
  resolved "https://registry.yarnpkg.com/cookie-signature/-/cookie-signature-1.0.6.tgz#e303a882b342cc3ee8ca513a79999734dab3ae2c"
  integrity sha1-4wOogrNCzD7oylE6eZmXNNqzriw=

cookie@0.4.0:
  version "0.4.0"
  resolved "https://registry.yarnpkg.com/cookie/-/cookie-0.4.0.tgz#beb437e7022b3b6d49019d088665303ebe9c14ba"
  integrity sha512-+Hp8fLp57wnUSt0tY0tHEXh4voZRDnoIrZPqlo3DPiI4y9lwg/jqx+1Om94/W6ZaPDOUbnjOt/99w66zk+l1Xg==

debug@2.6.9:
  version "2.6.9"
  resolved "https://registry.yarnpkg.com/debug/-/debug-2.6.9.tgz#5d128515df134ff327e90a4c93f4e077a536341f"
  integrity sha512-bC7ElrdJaJnPbAP+1EotYvqZsb3ecl5wi6Bfi6BJTUcNowp6cvspg0jXznRTKDjm/E7AdgFBVeAPVMNcKGsHMA==
  dependencies:
    ms "2.0.0"

depd@~1.1.2:
  version "1.1.2"
  resolved "https://registry.yarnpkg.com/depd/-/depd-1.1.2.tgz#9bcd52e14c097763e749b274c4346ed2e560b5a9"
  integrity sha1-m81S4UwJd2PnSbJ0xDRu0uVgtak=

destroy@~1.0.4:
  version "1.0.4"
  resolved "https://registry.yarnpkg.com/destroy/-/destroy-1.0.4.tgz#978857442c44749e4206613e37946205826abd80"
  integrity sha1-l4hXRCxEdJ5CBmE+N5RiBYJqvYA=

ee-first@1.1.1:
  version "1.1.1"
  resolved "https://registry.yarnpkg.com/ee-first/-/ee-first-1.1.1.tgz#590c61156b0ae2f4f0255732a158b266bc56b21d"
  integrity sha1-WQxhFWsK4vTwJVcyoViyZrxWsh0=

encodeurl@~1.0.2:
  version "1.0.2"
  resolved "https://registry.yarnpkg.com/encodeurl/-/encodeurl-1.0.2.tgz#ad3ff4c86ec2d029322f5a02c3a9a606c95b3f59"
  integrity sha1-rT/0yG7C0CkyL1oCw6mmBslbP1k=

escape-html@~1.0.3:
  version "1.0.3"
  resolved "https://registry.yarnpkg.com/escape-html/-/escape-html-1.0.3.tgz#0258eae4d3d0c0974de1c169188ef0051d1d1988"
  integrity sha1-Aljq5NPQwJdN4cFpGI7wBR0dGYg=

etag@~1.8.1:
  version "1.8.1"
  resolved "https://registry.yarnpkg.com/etag/-/etag-1.8.1.tgz#41ae2eeb65efa62268aebfea83ac7d79299b0887"
  integrity sha1-Qa4u62XvpiJorr/qg6x9eSmbCIc=

express@^4.17.1:
  version "4.17.1"
  resolved "https://registry.yarnpkg.com/express/-/express-4.17.1.tgz#4491fc38605cf51f8629d39c2b5d026f98a4c134"
  integrity sha512-mHJ9O79RqluphRrcw2X/GTh3k9tVv8YcoyY4Kkh4WDMUYKRZUq0h1o0w2rrrxBqM7VoeUVqgb27xlEMXTnYt4g==
  dependencies:
    accepts "~1.3.7"
    array-flatten "1.1.1"
    body-parser "1.19.0"
    content-disposition "0.5.3"
    content-type "~1.0.4"
    cookie "0.4.0"
    cookie-signature "1.0.6"
    debug "2.6.9"
    depd "~1.1.2"
    encodeurl "~1.0.2"
    escape-html "~1.0.3"
    etag "~1.8.1"
    finalhandler "~1.1.2"
    fresh "0.5.2"
    merge-descriptors "1.0.1"
    methods "~1.1.2"
    on-finished "~2.3.0"
    parseurl "~1.3.3"
    path-to-regexp "0.1.7"
    proxy-addr "~2.0.5"
    qs "6.7.0"
    range-parser "~1.2.1"
    safe-buffer "5.1.2"
    send "0.17.1"
    serve-static "1.14.1"
    setprototypeof "1.1.1"
    statuses "~1.5.0"
    type-is "~1.6.18"
    utils-merge "1.0.1"
    vary "~1.1.2"

finalhandler@~1.1.2:
  version "1.1.2"
  resolved "https://registry.yarnpkg.com/finalhandler/-/finalhandler-1.1.2.tgz#b7e7d000ffd11938d0fdb053506f6ebabe9f587d"
  integrity sha512-aAWcW57uxVNrQZqFXjITpW3sIUQmHGG3qSb9mUah9MgMC4NeWhNOlNjXEYq3HjRAvL6arUviZGGJsBg6z0zsWA==
  dependencies:
    debug "2.6.9"
    encodeurl "~1.0.2"
    escape-html "~1.0.3"
    on-finished "~2.3.0"
    parseurl "~1.3.3"
    statuses "~1.5.0"
    unpipe "~1.0.0"

forwarded@~0.1.2:
  version "0.1.2"
  resolved "https://registry.yarnpkg.com/forwarded/-/forwarded-0.1.2.tgz#98c23dab1175657b8c0573e8ceccd91b0ff18c84"
  integrity sha1-mMI9qxF1ZXuMBXPozszZGw/xjIQ=

fresh@0.5.2:
  version "0.5.2"
  resolved "https://registry.yarnpkg.com/fresh/-/fresh-0.5.2.tgz#3d8cadd90d976569fa835ab1f8e4b23a105605a7"
  integrity sha1-PYyt2Q2XZWn6g1qx+OSyOhBWBac=

http-errors@1.7.2:
  version "1.7.2"
  resolved "https://registry.yarnpkg.com/http-errors/-/http-errors-1.7.2.tgz#4f5029cf13239f31036e5b2e55292bcfbcc85c8f"
  integrity sha512-uUQBt3H/cSIVfch6i1EuPNy/YsRSOUBXTVfZ+yR7Zjez3qjBz6i9+i4zjNaoqcoFVI4lQJ5plg63TvGfRSDCRg==
  dependencies:
    depd "~1.1.2"
    inherits "2.0.3"
    setprototypeof "1.1.1"
    statuses ">= 1.5.0 < 2"
    toidentifier "1.0.0"

http-errors@~1.7.2:
  version "1.7.3"
  resolved "https://registry.yarnpkg.com/http-errors/-/http-errors-1.7.3.tgz#6c619e4f9c60308c38519498c14fbb10aacebb06"
  integrity sha512-ZTTX0MWrsQ2ZAhA1cejAwDLycFsd7I7nVtnkT3Ol0aqodaKW+0CTZDQ1uBv5whptCnc8e8HeRRJxRs0kmm/Qfw==
  dependencies:
    depd "~1.1.2"
    inherits "2.0.4"
    setprototypeof "1.1.1"
    statuses ">= 1.5.0 < 2"
    toidentifier "1.0.0"

iconv-lite@0.4.24:
  version "0.4.24"
  resolved "https://registry.yarnpkg.com/iconv-lite/-/iconv-lite-0.4.24.tgz#2022b4b25fbddc21d2f524974a474aafe733908b"
  integrity sha512-v3MXnZAcvnywkTUEZomIActle7RXXeedOR31wwl7VlyoXO4Qi9arvSenNQWne1TcRwhCL1HwLI21bEqdpj8/rA==
  dependencies:
    safer-buffer ">= 2.1.2 < 3"

inherits@2.0.3:
  version "2.0.3"
  resolved "https://registry.yarnpkg.com/inherits/-/inherits-2.0.3.tgz#633c2c83e3da42a502f52466022480f4208261de"
  integrity sha1-Yzwsg+PaQqUC9SRmAiSA9CCCYd4=

inherits@2.0.4:
  version "2.0.4"
  resolved "https://registry.yarnpkg.com/inherits/-/inherits-2.0.4.tgz#0fa2c64f932917c3433a0ded55363aae37416b7c"
  integrity sha512-k/vGaX4/Yla3WzyMCvTQOXYeIHvqOKtnqBduzTHpzpQZzAskKMhZ2K+EnBiSM9zGSoIFeMpXKxa4dYeZIQqewQ==

ipaddr.js@1.9.1:
  version "1.9.1"
  resolved "https://registry.yarnpkg.com/ipaddr.js/-/ipaddr.js-1.9.1.tgz#bff38543eeb8984825079ff3a2a8e6cbd46781b3"
  integrity sha512-0KI/607xoxSToH7GjN1FfSbLoU0+btTicjsQSWQlh/hZykN8KpmMf7uYwPW3R+akZ6R/w18ZlXSHBYXiYUPO3g==

media-typer@0.3.0:
  version "0.3.0"
  resolved "https://registry.yarnpkg.com/media-typer/-/media-typer-0.3.0.tgz#8710d7af0aa626f8fffa1ce00168545263255748"
  integrity sha1-hxDXrwqmJvj/+hzgAWhUUmMlV0g=

merge-descriptors@1.0.1:
  version "1.0.1"
  resolved "https://registry.yarnpkg.com/merge-descriptors/-/merge-descriptors-1.0.1.tgz#b00aaa556dd8b44568150ec9d1b953f3f90cbb61"
  integrity sha1-sAqqVW3YtEVoFQ7J0blT8/kMu2E=

methods@~1.1.2:
  version "1.1.2"
  resolved "https://registry.yarnpkg.com/methods/-/methods-1.1.2.tgz#5529a4d67654134edcc5266656835b0f851afcee"
  integrity sha1-VSmk1nZUE07cxSZmVoNbD4Ua/O4=

mime-db@1.43.0:
  version "1.43.0"
  resolved "https://registry.yarnpkg.com/mime-db/-/mime-db-1.43.0.tgz#0a12e0502650e473d735535050e7c8f4eb4fae58"
  integrity sha512-+5dsGEEovYbT8UY9yD7eE4XTc4UwJ1jBYlgaQQF38ENsKR3wj/8q8RFZrF9WIZpB2V1ArTVFUva8sAul1NzRzQ==

mime-types@~2.1.24:
  version "2.1.26"
  resolved "https://registry.yarnpkg.com/mime-types/-/mime-types-2.1.26.tgz#9c921fc09b7e149a65dfdc0da4d20997200b0a06"
  integrity sha512-01paPWYgLrkqAyrlDorC1uDwl2p3qZT7yl806vW7DvDoxwXi46jsjFbg+WdwotBIk6/MbEhO/dh5aZ5sNj/dWQ==
  dependencies:
    mime-db "1.43.0"

mime@1.6.0:
  version "1.6.0"
  resolved "https://registry.yarnpkg.com/mime/-/mime-1.6.0.tgz#32cd9e5c64553bd58d19a568af452acff04981b1"
  integrity sha512-x0Vn8spI+wuJ1O6S7gnbaQg8Pxh4NNHb7KSINmEWKiPE4RKOplvijn+NkmYmmRgP68mc70j2EbeTFRsrswaQeg==

ms@2.0.0:
  version "2.0.0"
  resolved "https://registry.yarnpkg.com/ms/-/ms-2.0.0.tgz#5608aeadfc00be6c2901df5f9861788de0d597c8"
  integrity sha1-VgiurfwAvmwpAd9fmGF4jeDVl8g=

ms@2.1.1:
  version "2.1.1"
  resolved "https://registry.yarnpkg.com/ms/-/ms-2.1.1.tgz#30a5864eb3ebb0a66f2ebe6d727af06a09d86e0a"
  integrity sha512-tgp+dl5cGk28utYktBsrFqA7HKgrhgPsg6Z/EfhWI4gl1Hwq8B/GmY/0oXZ6nF8hDVesS/FpnYaD/kOWhYQvyg==

negotiator@0.6.2:
  version "0.6.2"
  resolved "https://registry.yarnpkg.com/negotiator/-/negotiator-0.6.2.tgz#feacf7ccf525a77ae9634436a64883ffeca346fb"
  integrity sha512-hZXc7K2e+PgeI1eDBe/10Ard4ekbfrrqG8Ep+8Jmf4JID2bNg7NvCPOZN+kfF574pFQI7mum2AUqDidoKqcTOw==

on-finished@~2.3.0:
  version "2.3.0"
  resolved "https://registry.yarnpkg.com/on-finished/-/on-finished-2.3.0.tgz#20f1336481b083cd75337992a16971aa2d906947"
  integrity sha1-IPEzZIGwg811M3mSoWlxqi2QaUc=
  dependencies:
    ee-first "1.1.1"

parseurl@~1.3.3:
  version "1.3.3"
  resolved "https://registry.yarnpkg.com/parseurl/-/parseurl-1.3.3.tgz#9da19e7bee8d12dff0513ed5b76957793bc2e8d4"
  integrity sha512-CiyeOxFT/JZyN5m0z9PfXw4SCBJ6Sygz1Dpl0wqjlhDEGGBP1GnsUVEL0p63hoG1fcj3fHynXi9NYO4nWOL+qQ==

path-to-regexp@0.1.7:
  version "0.1.7"
  resolved "https://registry.yarnpkg.com/path-to-regexp/-/path-to-regexp-0.1.7.tgz#df604178005f522f15eb4490e7247a1bfaa67f8c"
  integrity sha1-32BBeABfUi8V60SQ5yR6G/qmf4w=

proxy-addr@~2.0.5:
  version "2.0.6"
  resolved "https://registry.yarnpkg.com/proxy-addr/-/proxy-addr-2.0.6.tgz#fdc2336505447d3f2f2c638ed272caf614bbb2bf"
  integrity sha512-dh/frvCBVmSsDYzw6n926jv974gddhkFPfiN8hPOi30Wax25QZyZEGveluCgliBnqmuM+UJmBErbAUFIoDbjOw==
  dependencies:
    forwarded "~0.1.2"
    ipaddr.js "1.9.1"

qs@6.7.0:
  version "6.7.0"
  resolved "https://registry.yarnpkg.com/qs/-/qs-6.7.0.tgz#41dc1a015e3d581f1621776be31afb2876a9b1bc"
  integrity sha512-VCdBRNFTX1fyE7Nb6FYoURo/SPe62QCaAyzJvUjwRaIsc+NePBEniHlvxFmmX56+HZphIGtV0XeCirBtpDrTyQ==

range-parser@~1.2.1:
  version "1.2.1"
  resolved "https://registry.yarnpkg.com/range-parser/-/range-parser-1.2.1.tgz#3cf37023d199e1c24d1a55b84800c2f3e6468031"
  integrity sha512-Hrgsx+orqoygnmhFbKaHE6c296J+HTAQXoxEF6gNupROmmGJRoyzfG3ccAveqCBrwr/2yxQ5BVd/GTl5agOwSg==

raw-body@2.4.0:
  version "2.4.0"
  resolved "https://registry.yarnpkg.com/raw-body/-/raw-body-2.4.0.tgz#a1ce6fb9c9bc356ca52e89256ab59059e13d0332"
  integrity sha512-4Oz8DUIwdvoa5qMJelxipzi/iJIi40O5cGV1wNYp5hvZP8ZN0T+jiNkL0QepXs+EsQ9XJ8ipEDoiH70ySUJP3Q==
  dependencies:
    bytes "3.1.0"
    http-errors "1.7.2"
    iconv-lite "0.4.24"
    unpipe "1.0.0"

safe-buffer@5.1.2:
  version "5.1.2"
  resolved "https://registry.yarnpkg.com/safe-buffer/-/safe-buffer-5.1.2.tgz#991ec69d296e0313747d59bdfd2b745c35f8828d"
  integrity sha512-Gd2UZBJDkXlY7GbJxfsE8/nvKkUEU1G38c1siN6QP6a9PT9MmHB8GnpscSmMJSoF8LOIrt8ud/wPtojys4G6+g==

"safer-buffer@>= 2.1.2 < 3":
  version "2.1.2"
  resolved "https://registry.yarnpkg.com/safer-buffer/-/safer-buffer-2.1.2.tgz#44fa161b0187b9549dd84bb91802f9bd8385cd6a"
  integrity sha512-YZo3K82SD7Riyi0E1EQPojLz7kpepnSQI9IyPbHHg1XXXevb5dJI7tpyN2ADxGcQbHG7vcyRHk0cbwqcQriUtg==

send@0.17.1:
  version "0.17.1"
  resolved "https://registry.yarnpkg.com/send/-/send-0.17.1.tgz#c1d8b059f7900f7466dd4938bdc44e11ddb376c8"
  integrity sha512-BsVKsiGcQMFwT8UxypobUKyv7irCNRHk1T0G680vk88yf6LBByGcZJOTJCrTP2xVN6yI+XjPJcNuE3V4fT9sAg==
  dependencies:
    debug "2.6.9"
    depd "~1.1.2"
    destroy "~1.0.4"
    encodeurl "~1.0.2"
    escape-html "~1.0.3"
    etag "~1.8.1"
    fresh "0.5.2"
    http-errors "~1.7.2"
    mime "1.6.0"
    ms "2.1.1"
    on-finished "~2.3.0"
    range-parser "~1.2.1"
    statuses "~1.5.0"

serve-static@1.14.1:
  version "1.14.1"
  resolved "https://registry.yarnpkg.com/serve-static/-/serve-static-1.14.1.tgz#666e636dc4f010f7ef29970a88a674320898b2f9"
  integrity sha512-JMrvUwE54emCYWlTI+hGrGv5I8dEwmco/00EvkzIIsR7MqrHonbD9pO2MOfFnpFntl7ecpZs+3mW+XbQZu9QCg==
  dependencies:
    encodeurl "~1.0.2"
    escape-html "~1.0.3"
    parseurl "~1.3.3"
    send "0.17.1"

setprototypeof@1.1.1:
  version "1.1.1"
  resolved "https://registry.yarnpkg.com/setprototypeof/-/setprototypeof-1.1.1.tgz#7e95acb24aa92f5885e0abef5ba131330d4ae683"
  integrity sha512-JvdAWfbXeIGaZ9cILp38HntZSFSo3mWg6xGcJJsd+d4aRMOqauag1C63dJfDw7OaMYwEbHMOxEZ1lqVRYP2OAw==

"statuses@>= 1.5.0 < 2", statuses@~1.5.0:
  version "1.5.0"
  resolved "https://registry.yarnpkg.com/statuses/-/statuses-1.5.0.tgz#161c7dac177659fd9811f43771fa99381478628c"
  integrity sha1-Fhx9rBd2Wf2YEfQ3cfqZOBR4Yow=

toidentifier@1.0.0:
  version "1.0.0"
  resolved "https://registry.yarnpkg.com/toidentifier/-/toidentifier-1.0.0.tgz#7e1be3470f1e77948bc43d94a3c8f4d7752ba553"
  integrity sha512-yaOH/Pk/VEhBWWTlhI+qXxDFXlejDGcQipMlyxda9nthulaxLZUNcUqFxokp0vcYnvteJln5FNQDRrxj3YcbVw==

tslib@^1.8.0:
  version "1.11.1"
  resolved "https://registry.yarnpkg.com/tslib/-/tslib-1.11.1.tgz#eb15d128827fbee2841549e171f45ed338ac7e35"
  integrity sha512-aZW88SY8kQbU7gpV19lN24LtXh/yD4ZZg6qieAJDDg+YBsJcSmLGK9QpnUjAKVG/xefmvJGd1WUmfpT/g6AJGA==

type-is@^1.6.16, type-is@~1.6.17, type-is@~1.6.18:
  version "1.6.18"
  resolved "https://registry.yarnpkg.com/type-is/-/type-is-1.6.18.tgz#4e552cd05df09467dcbc4ef739de89f2cf37c131"
  integrity sha512-TkRKr9sUTxEH8MdfuCSP7VizJyzRNMjj2J2do2Jr3Kym598JVdEksuzPQCnlFPW4ky9Q+iA+ma9BGm06XQBy8g==
  dependencies:
    media-typer "0.3.0"
    mime-types "~2.1.24"

typescript@^3.8.3:
  version "3.8.3"
  resolved "https://registry.yarnpkg.com/typescript/-/typescript-3.8.3.tgz#409eb8544ea0335711205869ec458ab109ee1061"
  integrity sha512-MYlEfn5VrLNsgudQTVJeNaQFUAI7DkhnOjdpAp4T+ku1TfQClewlbSuTVHiA+8skNBgaf02TL/kLOvig4y3G8w==

unpipe@1.0.0, unpipe@~1.0.0:
  version "1.0.0"
  resolved "https://registry.yarnpkg.com/unpipe/-/unpipe-1.0.0.tgz#b2bf4ee8514aae6165b4817829d21b2ef49904ec"
  integrity sha1-sr9O6FFKrmFltIF4KdIbLvSZBOw=

utils-merge@1.0.1:
  version "1.0.1"
  resolved "https://registry.yarnpkg.com/utils-merge/-/utils-merge-1.0.1.tgz#9f95710f50a267947b2ccc124741c1028427e713"
  integrity sha1-n5VxD1CiZ5R7LMwSR0HBAoQn5xM=

vary@~1.1.2:
  version "1.1.2"
  resolved "https://registry.yarnpkg.com/vary/-/vary-1.1.2.tgz#2299f02c6ded30d4a5961b0b9f74524a18f634fc"
  integrity sha1-IpnwLG3tMNSllhsLn3RSShj2NPw=
